
Microsoft Visual Studio Solution File, Format Version 11.00
# Visual Studio 2010
Project("{FAE04EC0-301F-11D3-BF4B-00C04F79EFBC}") = "iscala", "iscala.csproj", "{4B2900F0-E80E-4A19-817F-9380F7502780}"
EndProject
Global
	GlobalSection(SolutionConfigurationPlatforms) = preSolution
		Debug|iPhoneSimulator = Debug|iPhoneSimulator
		Release|iPhoneSimulator = Release|iPhoneSimulator
		Debug|iPhone = Debug|iPhone
		Release|iPhone = Release|iPhone
		Ad-Hoc|iPhone = Ad-Hoc|iPhone
		AppStore|iPhone = AppStore|iPhone
	EndGlobalSection
	GlobalSection(ProjectConfigurationPlatforms) = postSolution
		{4B2900F0-E80E-4A19-817F-9380F7502780}.Ad-Hoc|iPhone.ActiveCfg = Ad-Hoc|iPhone
		{4B2900F0-E80E-4A19-817F-9380F7502780}.Ad-Hoc|iPhone.Build.0 = Ad-Hoc|iPhone
		{4B2900F0-E80E-4A19-817F-9380F7502780}.AppStore|iPhone.ActiveCfg = AppStore|iPhone
		{4B2900F0-E80E-4A19-817F-9380F7502780}.AppStore|iPhone.Build.0 = AppStore|iPhone
		{4B2900F0-E80E-4A19-817F-9380F7502780}.Debug|iPhone.ActiveCfg = Debug|iPhone
		{4B2900F0-E80E-4A19-817F-9380F7502780}.Debug|iPhone.Build.0 = Debug|iPhone
		{4B2900F0-E80E-4A19-817F-9380F7502780}.Debug|iPhoneSimulator.ActiveCfg = Debug|iPhoneSimulator
		{4B2900F0-E80E-4A19-817F-9380F7502780}.Debug|iPhoneSimulator.Build.0 = Debug|iPhoneSimulator
		{4B2900F0-E80E-4A19-817F-9380F7502780}.Release|iPhone.ActiveCfg = Release|iPhone
		{4B2900F0-E80E-4A19-817F-9380F7502780}.Release|iPhone.Build.0 = Release|iPhone
		{4B2900F0-E80E-4A19-817F-9380F7502780}.Release|iPhoneSimulator.ActiveCfg = Release|iPhoneSimulator
		{4B2900F0-E80E-4A19-817F-9380F7502780}.Release|iPhoneSimulator.Build.0 = Release|iPhoneSimulator
	EndGlobalSection
	GlobalSection(MonoDevelopProperties) = preSolution
		StartupItem = iscala.csproj
	EndGlobalSection
EndGlobal
